Microsoft Visual Studio Solution File, Format Version 12.00
# Visual Studio Version 17
VisualStudioVersion = 17.5.2.0
MinimumVisualStudioVersion = 10.0.40219.1
Project("{FAE04EC0-301F-11D3-BF4B-00C04F79EFBC}") = "SmtpToSql", "SmtpToSql\SmtpToSql.csproj", "{DC6E2438-BCE0-03DE-937A-DCE4E89C4204}"
EndProject
Global
	GlobalSection(SolutionConfigurationPlatforms) = preSolution
		Debug|Any CPU = Debug|Any CPU
		Release|Any CPU = Release|Any CPU
	EndGlobalSection
	GlobalSection(ProjectConfigurationPlatforms) = postSolution
		{DC6E2438-BCE0-03DE-937A-DCE4E89C4204}.Debug|Any CPU.ActiveCfg = Debug|Any CPU
		{DC6E2438-BCE0-03DE-937A-DCE4E89C4204}.Debug|Any CPU.Build.0 = Debug|Any CPU
		{DC6E2438-BCE0-03DE-937A-DCE4E89C4204}.Release|Any CPU.ActiveCfg = Release|Any CPU
		{DC6E2438-BCE0-03DE-937A-DCE4E89C4204}.Release|Any CPU.Build.0 = Release|Any CPU
	EndGlobalSection
	GlobalSection(SolutionProperties) = preSolution
		HideSolutionNode = FALSE
	EndGlobalSection
	GlobalSection(ExtensibilityGlobals) = postSolution
		SolutionGuid = {401C24FE-6CE8-426A-B5D6-D3C6B9A27B33}
	EndGlobalSection
EndGlobal
